
Microsoft Visual Studio Solution File, Format Version 12.00
# Visual Studio Version 17
VisualStudioVersion = 17.7.34024.191
MinimumVisualStudioVersion = 10.0.40219.1
Project("{9A19103F-16F7-4668-BE54-9A1E7A4F7556}") = "TicTacToeWPF", "TicTacToeWPF.csproj", "{65760204-853B-45AE-9D66-3E81C00D4889}"
EndProject
Global
	GlobalSection(SolutionConfigurationPlatforms) = preSolution
		Debug|Any CPU = Debug|Any CPU
		Release|Any CPU = Release|Any CPU
	EndGlobalSection
	GlobalSection(ProjectConfigurationPlatforms) = postSolution
		{65760204-853B-45AE-9D66-3E81C00D4889}.Debug|Any CPU.ActiveCfg = Debug|Any CPU
		{65760204-853B-45AE-9D66-3E81C00D4889}.Debug|Any CPU.Build.0 = Debug|Any CPU
		{65760204-853B-45AE-9D66-3E81C00D4889}.Release|Any CPU.ActiveCfg = Release|Any CPU
		{65760204-853B-45AE-9D66-3E81C00D4889}.Release|Any CPU.Build.0 = Release|Any CPU
	EndGlobalSection
	GlobalSection(SolutionProperties) = preSolution
		HideSolutionNode = FALSE
	EndGlobalSection
	GlobalSection(ExtensibilityGlobals) = postSolution
		SolutionGuid = {61C5CF38-93FE-4325-9E0B-17CA3C279877}
	EndGlobalSection
EndGlobal
